
Microsoft Visual Studio Solution File, Format Version 10.00
# Visual Studio 2008
Project("{8BC9CEB8-8B4A-11D0-8D11-00A0C91BC942}") = "QtEmbedWindow", "QtEmbedWindow.vcproj", "{1E3FB9CD-7A44-49A2-BFE0-4AB19B0F2A54}"
EndProject
Global
	GlobalSection(SolutionConfigurationPlatforms) = preSolution
		Debug|Win32 = Debug|Win32
		Release|Win32 = Release|Win32
	EndGlobalSection
	GlobalSection(ProjectConfigurationPlatforms) = postSolution
		{1E3FB9CD-7A44-49A2-BFE0-4AB19B0F2A54}.Debug|Win32.ActiveCfg = Debug|Win32
		{1E3FB9CD-7A44-49A2-BFE0-4AB19B0F2A54}.Debug|Win32.Build.0 = Debug|Win32
		{1E3FB9CD-7A44-49A2-BFE0-4AB19B0F2A54}.Release|Win32.ActiveCfg = Release|Win32
		{1E3FB9CD-7A44-49A2-BFE0-4AB19B0F2A54}.Release|Win32.Build.0 = Release|Win32
	EndGlobalSection
	GlobalSection(SolutionProperties) = preSolution
		HideSolutionNode = FALSE
	EndGlobalSection
EndGlobal
